
Microsoft Visual Studio Solution File, Format Version 12.00
# Visual Studio Version 16
VisualStudioVersion = 16.0.30320.27
MinimumVisualStudioVersion = 10.0.40219.1
Project("{FAE04EC0-301F-11D3-BF4B-00C04F79EFBC}") = "DataLibrary", "DataLibrary\DataLibrary.csproj", "{E06A02E6-F68C-4D41-AC94-30D9B13B6B99}"
EndProject
Global
	GlobalSection(SolutionConfigurationPlatforms) = preSolution
		Debug|Any CPU = Debug|Any CPU
		Release|Any CPU = Release|Any CPU
	EndGlobalSection
	GlobalSection(ProjectConfigurationPlatforms) = postSolution
		{E06A02E6-F68C-4D41-AC94-30D9B13B6B99}.Debug|Any CPU.ActiveCfg = Debug|Any CPU
		{E06A02E6-F68C-4D41-AC94-30D9B13B6B99}.Debug|Any CPU.Build.0 = Debug|Any CPU
		{E06A02E6-F68C-4D41-AC94-30D9B13B6B99}.Release|Any CPU.ActiveCfg = Release|Any CPU
		{E06A02E6-F68C-4D41-AC94-30D9B13B6B99}.Release|Any CPU.Build.0 = Release|Any CPU
	EndGlobalSection
	GlobalSection(SolutionProperties) = preSolution
		HideSolutionNode = FALSE
	EndGlobalSection
	GlobalSection(ExtensibilityGlobals) = postSolution
		SolutionGuid = {C16504D7-0940-4305-9C2A-C1599F7347AF}
	EndGlobalSection
EndGlobal
